
Microsoft Visual Studio Solution File, Format Version 12.00
# Visual Studio Version 17
VisualStudioVersion = 17.11.35327.3
MinimumVisualStudioVersion = 10.0.40219.1
Project("{9A19103F-16F7-4668-BE54-9A1E7A4F7556}") = "Relacion3_FranGV", "Relacion3_FranGV\Relacion3_FranGV.csproj", "{6980F98B-7B31-466E-AB9E-27FE642605AC}"
EndProject
Project("{FAE04EC0-301F-11D3-BF4B-00C04F79EFBC}") = "BibliotecaClasesRE3", "BibliotecaClasesRE3\BibliotecaClasesRE3.csproj", "{825B1362-95AD-4C72-808E-A04D3C3C919B}"
EndProject
Global
	GlobalSection(SolutionConfigurationPlatforms) = preSolution
		Debug|Any CPU = Debug|Any CPU
		Release|Any CPU = Release|Any CPU
	EndGlobalSection
	GlobalSection(ProjectConfigurationPlatforms) = postSolution
		{6980F98B-7B31-466E-AB9E-27FE642605AC}.Debug|Any CPU.ActiveCfg = Debug|Any CPU
		{6980F98B-7B31-466E-AB9E-27FE642605AC}.Debug|Any CPU.Build.0 = Debug|Any CPU
		{6980F98B-7B31-466E-AB9E-27FE642605AC}.Debug|Any CPU.Deploy.0 = Debug|Any CPU
		{6980F98B-7B31-466E-AB9E-27FE642605AC}.Release|Any CPU.ActiveCfg = Release|Any CPU
		{6980F98B-7B31-466E-AB9E-27FE642605AC}.Release|Any CPU.Build.0 = Release|Any CPU
		{6980F98B-7B31-466E-AB9E-27FE642605AC}.Release|Any CPU.Deploy.0 = Release|Any CPU
		{825B1362-95AD-4C72-808E-A04D3C3C919B}.Debug|Any CPU.ActiveCfg = Debug|Any CPU
		{825B1362-95AD-4C72-808E-A04D3C3C919B}.Debug|Any CPU.Build.0 = Debug|Any CPU
		{825B1362-95AD-4C72-808E-A04D3C3C919B}.Release|Any CPU.ActiveCfg = Release|Any CPU
		{825B1362-95AD-4C72-808E-A04D3C3C919B}.Release|Any CPU.Build.0 = Release|Any CPU
	EndGlobalSection
	GlobalSection(SolutionProperties) = preSolution
		HideSolutionNode = FALSE
	EndGlobalSection
	GlobalSection(ExtensibilityGlobals) = postSolution
		SolutionGuid = {CEE19EE8-3E66-4A20-BF2A-55A85DBA8D83}
	EndGlobalSection
EndGlobal
